
Microsoft Visual Studio Solution File, Format Version 12.00
# Visual Studio 2012
Project("{FAE04EC0-301F-11D3-BF4B-00C04F79EFBC}") = "IvoryTower.Web", "IvoryTower.Web\IvoryTower.Web.csproj", "{EFD8559C-290D-45F6-A090-0ADE554A9065}"
EndProject
Project("{FAE04EC0-301F-11D3-BF4B-00C04F79EFBC}") = "IvoryTower.Data", "IvoryTower.Data\IvoryTower.Data.csproj", "{828BB611-5955-47C0-AB91-32374D8506E2}"
EndProject
Project("{FAE04EC0-301F-11D3-BF4B-00C04F79EFBC}") = "IvoryTower.Domain", "IvoryTower.Domain\IvoryTower.Domain.csproj", "{2BEE7A33-DCB7-4F9C-B45C-A7DAC69AEB52}"
EndProject
Project("{FAE04EC0-301F-11D3-BF4B-00C04F79EFBC}") = "DatabaseDeployer", "DatabaseDeployer\DatabaseDeployer.csproj", "{7F8F5F26-6F21-4C0A-9183-9140CA894E50}"
EndProject
Project("{2150E333-8FDC-42A3-9474-1A3956D46DE8}") = "Testing", "Testing", "{72ED1C0E-D185-4EF5-B897-5FB6FE6A4274}"
EndProject
Project("{FAE04EC0-301F-11D3-BF4B-00C04F79EFBC}") = "IvoryTower.Domain.Specs", "IvoryTower.Domain.Specs\IvoryTower.Domain.Specs.csproj", "{76EE1961-B5BF-4F77-8EE9-0545BD74A2B7}"
EndProject
Project("{FAE04EC0-301F-11D3-BF4B-00C04F79EFBC}") = "IvoryTower.Data.Specs", "IvoryTower.Data.Specs\IvoryTower.Data.Specs.csproj", "{172AA855-33FC-4A9D-ADEC-F17555C02072}"
EndProject
Global
	GlobalSection(SolutionConfigurationPlatforms) = preSolution
		Debug|Any CPU = Debug|Any CPU
		Release|Any CPU = Release|Any CPU
	EndGlobalSection
	GlobalSection(ProjectConfigurationPlatforms) = postSolution
		{EFD8559C-290D-45F6-A090-0ADE554A9065}.Debug|Any CPU.ActiveCfg = Debug|Any CPU
		{EFD8559C-290D-45F6-A090-0ADE554A9065}.Debug|Any CPU.Build.0 = Debug|Any CPU
		{EFD8559C-290D-45F6-A090-0ADE554A9065}.Release|Any CPU.ActiveCfg = Release|Any CPU
		{EFD8559C-290D-45F6-A090-0ADE554A9065}.Release|Any CPU.Build.0 = Release|Any CPU
		{828BB611-5955-47C0-AB91-32374D8506E2}.Debug|Any CPU.ActiveCfg = Debug|Any CPU
		{828BB611-5955-47C0-AB91-32374D8506E2}.Debug|Any CPU.Build.0 = Debug|Any CPU
		{828BB611-5955-47C0-AB91-32374D8506E2}.Release|Any CPU.ActiveCfg = Release|Any CPU
		{828BB611-5955-47C0-AB91-32374D8506E2}.Release|Any CPU.Build.0 = Release|Any CPU
		{2BEE7A33-DCB7-4F9C-B45C-A7DAC69AEB52}.Debug|Any CPU.ActiveCfg = Debug|Any CPU
		{2BEE7A33-DCB7-4F9C-B45C-A7DAC69AEB52}.Debug|Any CPU.Build.0 = Debug|Any CPU
		{2BEE7A33-DCB7-4F9C-B45C-A7DAC69AEB52}.Release|Any CPU.ActiveCfg = Release|Any CPU
		{2BEE7A33-DCB7-4F9C-B45C-A7DAC69AEB52}.Release|Any CPU.Build.0 = Release|Any CPU
		{7F8F5F26-6F21-4C0A-9183-9140CA894E50}.Debug|Any CPU.ActiveCfg = Debug|Any CPU
		{7F8F5F26-6F21-4C0A-9183-9140CA894E50}.Debug|Any CPU.Build.0 = Debug|Any CPU
		{7F8F5F26-6F21-4C0A-9183-9140CA894E50}.Release|Any CPU.ActiveCfg = Release|Any CPU
		{7F8F5F26-6F21-4C0A-9183-9140CA894E50}.Release|Any CPU.Build.0 = Release|Any CPU
		{76EE1961-B5BF-4F77-8EE9-0545BD74A2B7}.Debug|Any CPU.ActiveCfg = Debug|Any CPU
		{76EE1961-B5BF-4F77-8EE9-0545BD74A2B7}.Debug|Any CPU.Build.0 = Debug|Any CPU
		{76EE1961-B5BF-4F77-8EE9-0545BD74A2B7}.Release|Any CPU.ActiveCfg = Release|Any CPU
		{76EE1961-B5BF-4F77-8EE9-0545BD74A2B7}.Release|Any CPU.Build.0 = Release|Any CPU
		{172AA855-33FC-4A9D-ADEC-F17555C02072}.Debug|Any CPU.ActiveCfg = Debug|Any CPU
		{172AA855-33FC-4A9D-ADEC-F17555C02072}.Debug|Any CPU.Build.0 = Debug|Any CPU
		{172AA855-33FC-4A9D-ADEC-F17555C02072}.Release|Any CPU.ActiveCfg = Release|Any CPU
		{172AA855-33FC-4A9D-ADEC-F17555C02072}.Release|Any CPU.Build.0 = Release|Any CPU
	EndGlobalSection
	GlobalSection(SolutionProperties) = preSolution
		HideSolutionNode = FALSE
	EndGlobalSection
	GlobalSection(NestedProjects) = preSolution
		{76EE1961-B5BF-4F77-8EE9-0545BD74A2B7} = {72ED1C0E-D185-4EF5-B897-5FB6FE6A4274}
		{172AA855-33FC-4A9D-ADEC-F17555C02072} = {72ED1C0E-D185-4EF5-B897-5FB6FE6A4274}
	EndGlobalSection
EndGlobal
